
Microsoft Visual Studio Solution File, Format Version 12.00
# Visual Studio Version 17
VisualStudioVersion = 17.11.35222.181
MinimumVisualStudioVersion = 10.0.40219.1
Project("{FAE04EC0-301F-11D3-BF4B-00C04F79EFBC}") = "DomeneOS", "DomeneOS\DomeneOS.csproj", "{491EE55F-3A48-43DE-916F-6BA8D8BF0572}"
EndProject
Global
	GlobalSection(SolutionConfigurationPlatforms) = preSolution
		Debug|Any CPU = Debug|Any CPU
		Release|Any CPU = Release|Any CPU
	EndGlobalSection
	GlobalSection(ProjectConfigurationPlatforms) = postSolution
		{491EE55F-3A48-43DE-916F-6BA8D8BF0572}.Debug|Any CPU.ActiveCfg = Debug|Any CPU
		{491EE55F-3A48-43DE-916F-6BA8D8BF0572}.Debug|Any CPU.Build.0 = Debug|Any CPU
		{491EE55F-3A48-43DE-916F-6BA8D8BF0572}.Release|Any CPU.ActiveCfg = Release|Any CPU
		{491EE55F-3A48-43DE-916F-6BA8D8BF0572}.Release|Any CPU.Build.0 = Release|Any CPU
	EndGlobalSection
	GlobalSection(SolutionProperties) = preSolution
		HideSolutionNode = FALSE
	EndGlobalSection
	GlobalSection(ExtensibilityGlobals) = postSolution
		SolutionGuid = {DB2DFF3D-9326-456A-AA88-2AF77829832F}
	EndGlobalSection
EndGlobal
